// !$*UTF8*$!
{
	archiveVersion = 1;
	classes = {
	};
	objectVersion = 50;
	objects = {

/* Begin PBXBuildFile section */
		4C04A4DE9FE52630DCADCDE4 /* Pods_InterfaceStateTest.framework in Frameworks */ = {isa = PBXBuildFile; fileRef = 38B534B553F352BE1BCE6561 /* Pods_InterfaceStateTest.framework */; };
		D133E5F7211C0FBC0022EEA0 /* TestViewController.swift in Sources */ = {isa = PBXBuildFile; fileRef = D133E5F6211C0FBC0022EEA0 /* TestViewController.swift */; };
		D16D745721145010005184CF /* AppDelegate.swift in Sources */ = {isa = PBXBuildFile; fileRef = D16D745621145010005184CF /* AppDelegate.swift */; };
		D16D745921145010005184CF /* ViewController.swift in Sources */ = {isa = PBXBuildFile; fileRef = D16D745821145010005184CF /* ViewController.swift */; };
		D16D745C21145010005184CF /* Main.storyboard in Resources */ = {isa = PBXBuildFile; fileRef = D16D745A21145010005184CF /* Main.storyboard */; };
		D16D745E21145012005184CF /* Assets.xcassets in Resources */ = {isa = PBXBuildFile; fileRef = D16D745D21145012005184CF /* Assets.xcassets */; };
		D16D746121145012005184CF /* LaunchScreen.storyboard in Resources */ = {isa = PBXBuildFile; fileRef = D16D745F21145012005184CF /* LaunchScreen.storyboard */; };
/* End PBXBuildFile section */

/* Begin PBXFileReference section */
		38B534B553F352BE1BCE6561 /* Pods_InterfaceStateTest.framework */ = {isa = PBXFileReference; explicitFileType = wrapper.framework; includeInIndex = 0; path = Pods_InterfaceStateTest.framework; sourceTree = BUILT_PRODUCTS_DIR; };
		82A968B9B9E96DE33F803974 /* Pods-InterfaceStateTest.release.xcconfig */ = {isa = PBXFileReference; includeInIndex = 1; lastKnownFileType = text.xcconfig; name = "Pods-InterfaceStateTest.release.xcconfig"; path = "Pods/Target Support Files/Pods-InterfaceStateTest/Pods-InterfaceStateTest.release.xcconfig"; sourceTree = "<group>"; };
		B4B4B8969E489A3F649F5C35 /* Pods-InterfaceStateTest.debug.xcconfig */ = {isa = PBXFileReference; includeInIndex = 1; lastKnownFileType = text.xcconfig; name = "Pods-InterfaceStateTest.debug.xcconfig"; path = "Pods/Target Support Files/Pods-InterfaceStateTest/Pods-InterfaceStateTest.debug.xcconfig"; sourceTree = "<group>"; };
		D133E5F6211C0FBC0022EEA0 /* TestViewController.swift */ = {isa = PBXFileReference; lastKnownFileType = sourcecode.swift; path = TestViewController.swift; sourceTree = "<group>"; };
		D16D745321145010005184CF /* InterfaceStateTest.app */ = {isa = PBXFileReference; explicitFileType = wrapper.application; includeInIndex = 0; path = InterfaceStateTest.app; sourceTree = BUILT_PRODUCTS_DIR; };
		D16D745621145010005184CF /* AppDelegate.swift */ = {isa = PBXFileReference; lastKnownFileType = sourcecode.swift; path = AppDelegate.swift; sourceTree = "<group>"; };
		D16D745821145010005184CF /* ViewController.swift */ = {isa = PBXFileReference; lastKnownFileType = sourcecode.swift; path = ViewController.swift; sourceTree = "<group>"; };
		D16D745B21145010005184CF /* Base */ = {isa = PBXFileReference; lastKnownFileType = file.storyboard; name = Base; path = Base.lproj/Main.storyboard; sourceTree = "<group>"; };
		D16D745D21145012005184CF /* Assets.xcassets */ = {isa = PBXFileReference; lastKnownFileType = folder.assetcatalog; path = Assets.xcassets; sourceTree = "<group>"; };
		D16D746021145012005184CF /* Base */ = {isa = PBXFileReference; lastKnownFileType = file.storyboard; name = Base; path = Base.lproj/LaunchScreen.storyboard; sourceTree = "<group>"; };
		D16D746221145012005184CF /* Info.plist */ = {isa = PBXFileReference; lastKnownFileType = text.plist.xml; path = Info.plist; sourceTree = "<group>"; };
/* End PBXFileReference section */

/* Begin PBXFrameworksBuildPhase section */
		D16D745021145010005184CF /* Frameworks */ = {
			isa = PBXFrameworksBuildPhase;
			buildActionMask = 2147483647;
			files = (
				4C04A4DE9FE52630DCADCDE4 /* Pods_InterfaceStateTest.framework in Frameworks */,
			);
			runOnlyForDeploymentPostprocessing = 0;
		};
/* End PBXFrameworksBuildPhase section */

/* Begin PBXGroup section */
		42517A13070FE7D2B1E3EBA2 /* Pods */ = {
			isa = PBXGroup;
			children = (
				B4B4B8969E489A3F649F5C35 /* Pods-InterfaceStateTest.debug.xcconfig */,
				82A968B9B9E96DE33F803974 /* Pods-InterfaceStateTest.release.xcconfig */,
			);
			name = Pods;
			sourceTree = "<group>";
		};
		D16D744A21145010005184CF = {
			isa = PBXGroup;
			children = (
				D16D745521145010005184CF /* InterfaceStateTest */,
				D16D745421145010005184CF /* Products */,
				42517A13070FE7D2B1E3EBA2 /* Pods */,
				E652730999D169185E942A7A /* Frameworks */,
			);
			sourceTree = "<group>";
		};
		D16D745421145010005184CF /* Products */ = {
			isa = PBXGroup;
			children = (
				D16D745321145010005184CF /* InterfaceStateTest.app */,
			);
			name = Products;
			sourceTree = "<group>";
		};
		D16D745521145010005184CF /* InterfaceStateTest */ = {
			isa = PBXGroup;
			children = (
				D16D745621145010005184CF /* AppDelegate.swift */,
				D16D745821145010005184CF /* ViewController.swift */,
				D16D745A21145010005184CF /* Main.storyboard */,
				D16D745D21145012005184CF /* Assets.xcassets */,
				D16D745F21145012005184CF /* LaunchScreen.storyboard */,
				D16D746221145012005184CF /* Info.plist */,
				D133E5F6211C0FBC0022EEA0 /* TestViewController.swift */,
			);
			path = InterfaceStateTest;
			sourceTree = "<group>";
		};
		E652730999D169185E942A7A /* Frameworks */ = {
			isa = PBXGroup;
			children = (
				38B534B553F352BE1BCE6561 /* Pods_InterfaceStateTest.framework */,
			);
			name = Frameworks;
			sourceTree = "<group>";
		};
/* End PBXGroup section */

/* Begin PBXNativeTarget section */
		D16D745221145010005184CF /* InterfaceStateTest */ = {
			isa = PBXNativeTarget;
			buildConfigurationList = D16D746521145012005184CF /* Build configuration list for PBXNativeTarget "InterfaceStateTest" */;
			buildPhases = (
				531C6EB5B3942C068DEF4A0C /* [CP] Check Pods Manifest.lock */,
				D16D744F21145010005184CF /* Sources */,
				D16D745021145010005184CF /* Frameworks */,
				D16D745121145010005184CF /* Resources */,
				927C12B448FDCAAFD8875BF5 /* [CP] Embed Pods Frameworks */,
			);
			buildRules = (
			);
			dependencies = (
			);
			name = InterfaceStateTest;
			productName = InterfaceStateTest;
			productReference = D16D745321145010005184CF /* InterfaceStateTest.app */;
			productType = "com.apple.product-type.application";
		};
/* End PBXNativeTarget section */

/* Begin PBXProject section */
		D16D744B21145010005184CF /* Project object */ = {
			isa = PBXProject;
			attributes = {
				LastSwiftUpdateCheck = 0940;
				LastUpgradeCheck = 0940;
				ORGANIZATIONNAME = "陆俊杰";
				TargetAttributes = {
					D16D745221145010005184CF = {
						CreatedOnToolsVersion = 9.4.1;
					};
				};
			};
			buildConfigurationList = D16D744E21145010005184CF /* Build configuration list for PBXProject "InterfaceStateTest" */;
			compatibilityVersion = "Xcode 9.3";
			developmentRegion = en;
			hasScannedForEncodings = 0;
			knownRegions = (
				en,
				Base,
			);
			mainGroup = D16D744A21145010005184CF;
			productRefGroup = D16D745421145010005184CF /* Products */;
			projectDirPath = "";
			projectRoot = "";
			targets = (
				D16D745221145010005184CF /* InterfaceStateTest */,
			);
		};
/* End PBXProject section */

/* Begin PBXResourcesBuildPhase section */
		D16D745121145010005184CF /* Resources */ = {
			isa = PBXResourcesBuildPhase;
			buildActionMask = 2147483647;
			files = (
				D16D746121145012005184CF /* LaunchScreen.storyboard in Resources */,
				D16D745E21145012005184CF /* Assets.xcassets in Resources */,
				D16D745C21145010005184CF /* Main.storyboard in Resources */,
			);
			runOnlyForDeploymentPostprocessing = 0;
		};
/* End PBXResourcesBuildPhase section */

/* Begin PBXShellScriptBuildPhase section */
		531C6EB5B3942C068DEF4A0C /* [CP] Check Pods Manifest.lock */ = {
			isa = PBXShellScriptBuildPhase;
			buildActionMask = 2147483647;
			files = (
			);
			inputPaths = (
				"${PODS_PODFILE_DIR_PATH}/Podfile.lock",
				"${PODS_ROOT}/Manifest.lock",
			);
			name = "[CP] Check Pods Manifest.lock";
			outputPaths = (
				"$(DERIVED_FILE_DIR)/Pods-InterfaceStateTest-checkManifestLockResult.txt",
			);
			runOnlyForDeploymentPostprocessing = 0;
			shellPath = /bin/sh;
			shellScript = "diff \"${PODS_PODFILE_DIR_PATH}/Podfile.lock\" \"${PODS_ROOT}/Manifest.lock\" > /dev/null\nif [ $? != 0 ] ; then\n    # print error to STDERR\n    echo \"error: The sandbox is not in sync with the Podfile.lock. Run 'pod install' or update your CocoaPods installation.\" >&2\n    exit 1\nfi\n# This output is used by Xcode 'outputs' to avoid re-running this script phase.\necho \"SUCCESS\" > \"${SCRIPT_OUTPUT_FILE_0}\"\n";
			showEnvVarsInLog = 0;
		};
		927C12B448FDCAAFD8875BF5 /* [CP] Embed Pods Frameworks */ = {
			isa = PBXShellScriptBuildPhase;
			buildActionMask = 2147483647;
			files = (
			);
			inputPaths = (
				"${SRCROOT}/Pods/Target Support Files/Pods-InterfaceStateTest/Pods-InterfaceStateTest-frameworks.sh",
				"${BUILT_PRODUCTS_DIR}/PINCache/PINCache.framework",
				"${BUILT_PRODUCTS_DIR}/PINOperation/PINOperation.framework",
				"${BUILT_PRODUCTS_DIR}/PINRemoteImage/PINRemoteImage.framework",
				"${BUILT_PRODUCTS_DIR}/Texture/AsyncDisplayKit.framework",
			);
			name = "[CP] Embed Pods Frameworks";
			outputPaths = (
				"${TARGET_BUILD_DIR}/${FRAMEWORKS_FOLDER_PATH}/PINCache.framework",
				"${TARGET_BUILD_DIR}/${FRAMEWORKS_FOLDER_PATH}/PINOperation.framework",
				"${TARGET_BUILD_DIR}/${FRAMEWORKS_FOLDER_PATH}/PINRemoteImage.framework",
				"${TARGET_BUILD_DIR}/${FRAMEWORKS_FOLDER_PATH}/AsyncDisplayKit.framework",
			);
			runOnlyForDeploymentPostprocessing = 0;
			shellPath = /bin/sh;
			shellScript = "\"${SRCROOT}/Pods/Target Support Files/Pods-InterfaceStateTest/Pods-InterfaceStateTest-frameworks.sh\"\n";
			showEnvVarsInLog = 0;
		};
/* End PBXShellScriptBuildPhase section */

/* Begin PBXSourcesBuildPhase section */
		D16D744F21145010005184CF /* Sources */ = {
			isa = PBXSourcesBuildPhase;
			buildActionMask = 2147483647;
			files = (
				D16D745921145010005184CF /* ViewController.swift in Sources */,
				D133E5F7211C0FBC0022EEA0 /* TestViewController.swift in Sources */,
				D16D745721145010005184CF /* AppDelegate.swift in Sources */,
			);
			runOnlyForDeploymentPostprocessing = 0;
		};
/* End PBXSourcesBuildPhase section */

/* Begin PBXVariantGroup section */
		D16D745A21145010005184CF /* Main.storyboard */ = {
			isa = PBXVariantGroup;
			children = (
				D16D745B21145010005184CF /* Base */,
			);
			name = Main.storyboard;
			sourceTree = "<group>";
		};
		D16D745F21145012005184CF /* LaunchScreen.storyboard */ = {
			isa = PBXVariantGroup;
			children = (
				D16D746021145012005184CF /* Base */,
			);
			name = LaunchScreen.storyboard;
			sourceTree = "<group>";
		};
/* End PBXVariantGroup section */

/* Begin XCBuildConfiguration section */
		D16D746321145012005184CF /* Debug */ = {
			isa = XCBuildConfiguration;
			buildSettings = {
				ALWAYS_SEARCH_USER_PATHS = NO;
				CLANG_ANALYZER_NONNULL = YES;
				CLANG_ANALYZER_NUMBER_OBJECT_CONVERSION = YES_AGGRESSIVE;
				CLANG_CXX_LANGUAGE_STANDARD = "gnu++14";
				CLANG_CXX_LIBRARY = "libc++";
				CLANG_ENABLE_MODULES = YES;
				CLANG_ENABLE_OBJC_ARC = YES;
				CLANG_ENABLE_OBJC_WEAK = YES;
				CLANG_WARN_BLOCK_CAPTURE_AUTORELEASING = YES;
				CLANG_WARN_BOOL_CONVERSION = YES;
				CLANG_WARN_COMMA = YES;
				CLANG_WARN_CONSTANT_CONVERSION = YES;
				CLANG_WARN_DEPRECATED_OBJC_IMPLEMENTATIONS = YES;
				CLANG_WARN_DIRECT_OBJC_ISA_USAGE = YES_ERROR;
				CLANG_WARN_DOCUMENTATION_COMMENTS = YES;
				CLANG_WARN_EMPTY_BODY = YES;
				CLANG_WARN_ENUM_CONVERSION = YES;
				CLANG_WARN_INFINITE_RECURSION = YES;
				CLANG_WARN_INT_CONVERSION = YES;
				CLANG_WARN_NON_LITERAL_NULL_CONVERSION = YES;
				CLANG_WARN_OBJC_IMPLICIT_RETAIN_SELF = YES;
				CLANG_WARN_OBJC_LITERAL_CONVERSION = YES;
				CLANG_WARN_OBJC_ROOT_CLASS = YES_ERROR;
				CLANG_WARN_RANGE_LOOP_ANALYSIS = YES;
				CLANG_WARN_STRICT_PROTOTYPES = YES;
				CLANG_WARN_SUSPICIOUS_MOVE = YES;
				CLANG_WARN_UNGUARDED_AVAILABILITY = YES_AGGRESSIVE;
				CLANG_WARN_UNREACHABLE_CODE = YES;
				CLANG_WARN__DUPLICATE_METHOD_MATCH = YES;
				CODE_SIGN_IDENTITY = "iPhone Developer";
				COPY_PHASE_STRIP = NO;
				DEBUG_INFORMATION_FORMAT = dwarf;
				ENABLE_STRICT_OBJC_MSGSEND = YES;
				ENABLE_TESTABILITY = YES;
				GCC_C_LANGUAGE_STANDARD = gnu11;
				GCC_DYNAMIC_NO_PIC = NO;
				GCC_NO_COMMON_BLOCKS = YES;
				GCC_OPTIMIZATION_LEVEL = 0;
				GCC_PREPROCESSOR_DEFINITIONS = (
					"DEBUG=1",
					"$(inherited)",
				);
				GCC_WARN_64_TO_32_BIT_CONVERSION = YES;
				GCC_WARN_ABOUT_RETURN_TYPE = YES_ERROR;
				GCC_WARN_UNDECLARED_SELECTOR = YES;
				GCC_WARN_UNINITIALIZED_AUTOS = YES_AGGRESSIVE;
				GCC_WARN_UNUSED_FUNCTION = YES;
				GCC_WARN_UNUSED_VARIABLE = YES;
				IPHONEOS_DEPLOYMENT_TARGET = 11.4;
				MTL_ENABLE_DEBUG_INFO = YES;
				ONLY_ACTIVE_ARCH = YES;
				SDKROOT = iphoneos;
				SWIFT_ACTIVE_COMPILATION_CONDITIONS = DEBUG;
				SWIFT_OPTIMIZATION_LEVEL = "-Onone";
			};
			name = Debug;
		};
		D16D746421145012005184CF /* Release */ = {
			isa = XCBuildConfiguration;
			buildSettings = {
				ALWAYS_SEARCH_USER_PATHS = NO;
				CLANG_ANALYZER_NONNULL = YES;
				CLANG_ANALYZER_NUMBER_OBJECT_CONVERSION = YES_AGGRESSIVE;
				CLANG_CXX_LANGUAGE_STANDARD = "gnu++14";
				CLANG_CXX_LIBRARY = "libc++";
				CLANG_ENABLE_MODULES = YES;
				CLANG_ENABLE_OBJC_ARC = YES;
				CLANG_ENABLE_OBJC_WEAK = YES;
				CLANG_WARN_BLOCK_CAPTURE_AUTORELEASING = YES;
				CLANG_WARN_BOOL_CONVERSION = YES;
				CLANG_WARN_COMMA = YES;
				CLANG_WARN_CONSTANT_CONVERSION = YES;
				CLANG_WARN_DEPRECATED_OBJC_IMPLEMENTATIONS = YES;
				CLANG_WARN_DIRECT_OBJC_ISA_USAGE = YES_ERROR;
				CLANG_WARN_DOCUMENTATION_COMMENTS = YES;
				CLANG_WARN_EMPTY_BODY = YES;
				CLANG_WARN_ENUM_CONVERSION = YES;
				CLANG_WARN_INFINITE_RECURSION = YES;
				CLANG_WARN_INT_CONVERSION = YES;
				CLANG_WARN_NON_LITERAL_NULL_CONVERSION = YES;
				CLANG_WARN_OBJC_IMPLICIT_RETAIN_SELF = YES;
				CLANG_WARN_OBJC_LITERAL_CONVERSION = YES;
				CLANG_WARN_OBJC_ROOT_CLASS = YES_ERROR;
				CLANG_WARN_RANGE_LOOP_ANALYSIS = YES;
				CLANG_WARN_STRICT_PROTOTYPES = YES;
				CLANG_WARN_SUSPICIOUS_MOVE = YES;
				CLANG_WARN_UNGUARDED_AVAILABILITY = YES_AGGRESSIVE;
				CLANG_WARN_UNREACHABLE_CODE = YES;
				CLANG_WARN__DUPLICATE_METHOD_MATCH = YES;
				CODE_SIGN_IDENTITY = "iPhone Developer";
				COPY_PHASE_STRIP = NO;
				DEBUG_INFORMATION_FORMAT = "dwarf-with-dsym";
				ENABLE_NS_ASSERTIONS = NO;
				ENABLE_STRICT_OBJC_MSGSEND = YES;
				GCC_C_LANGUAGE_STANDARD = gnu11;
				GCC_NO_COMMON_BLOCKS = YES;
				GCC_WARN_64_TO_32_BIT_CONVERSION = YES;
				GCC_WARN_ABOUT_RETURN_TYPE = YES_ERROR;
				GCC_WARN_UNDECLARED_SELECTOR = YES;
				GCC_WARN_UNINITIALIZED_AUTOS = YES_AGGRESSIVE;
				GCC_WARN_UNUSED_FUNCTION = YES;
				GCC_WARN_UNUSED_VARIABLE = YES;
				IPHONEOS_DEPLOYMENT_TARGET = 11.4;
				MTL_ENABLE_DEBUG_INFO = NO;
				SDKROOT = iphoneos;
				SWIFT_COMPILATION_MODE = wholemodule;
				SWIFT_OPTIMIZATION_LEVEL = "-O";
				VALIDATE_PRODUCT = YES;
			};
			name = Release;
		};
		D16D746621145012005184CF /* Debug */ = {
			isa = XCBuildConfiguration;
			baseConfigurationReference = B4B4B8969E489A3F649F5C35 /* Pods-InterfaceStateTest.debug.xcconfig */;
			buildSettings = {
				ASSETCATALOG_COMPILER_APPICON_NAME = AppIcon;
				CODE_SIGN_STYLE = Automatic;
				DEVELOPMENT_TEAM = 4CSCF7378L;
				INFOPLIST_FILE = InterfaceStateTest/Info.plist;
				LD_RUNPATH_SEARCH_PATHS = (
					"$(inherited)",
					"@executable_path/Frameworks",
				);
				PRODUCT_BUNDLE_IDENTIFIER = com.ruguoapp.InterfaceStateTest;
				PRODUCT_NAME = "$(TARGET_NAME)";
				SWIFT_VERSION = 4.0;
				TARGETED_DEVICE_FAMILY = "1,2";
			};
			name = Debug;
		};
		D16D746721145012005184CF /* Release */ = {
			isa = XCBuildConfiguration;
			baseConfigurationReference = 82A968B9B9E96DE33F803974 /* Pods-InterfaceStateTest.release.xcconfig */;
			buildSettings = {
				ASSETCATALOG_COMPILER_APPICON_NAME = AppIcon;
				CODE_SIGN_STYLE = Automatic;
				DEVELOPMENT_TEAM = 4CSCF7378L;
				INFOPLIST_FILE = InterfaceStateTest/Info.plist;
				LD_RUNPATH_SEARCH_PATHS = (
					"$(inherited)",
					"@executable_path/Frameworks",
				);
				PRODUCT_BUNDLE_IDENTIFIER = com.ruguoapp.InterfaceStateTest;
				PRODUCT_NAME = "$(TARGET_NAME)";
				SWIFT_VERSION = 4.0;
				TARGETED_DEVICE_FAMILY = "1,2";
			};
			name = Release;
		};
/* End XCBuildConfiguration section */

/* Begin XCConfigurationList section */
		D16D744E21145010005184CF /* Build configuration list for PBXProject "InterfaceStateTest" */ = {
			isa = XCConfigurationList;
			buildConfigurations = (
				D16D746321145012005184CF /* Debug */,
				D16D746421145012005184CF /* Release */,
			);
			defaultConfigurationIsVisible = 0;
			defaultConfigurationName = Release;
		};
		D16D746521145012005184CF /* Build configuration list for PBXNativeTarget "InterfaceStateTest" */ = {
			isa = XCConfigurationList;
			buildConfigurations = (
				D16D746621145012005184CF /* Debug */,
				D16D746721145012005184CF /* Release */,
			);
			defaultConfigurationIsVisible = 0;
			defaultConfigurationName = Release;
		};
/* End XCConfigurationList section */
	};
	rootObject = D16D744B21145010005184CF /* Project object */;
}
